
Microsoft Visual Studio Solution File, Format Version 12.00
# Visual Studio Version 17
VisualStudioVersion = 17.13.35919.96 d17.13
MinimumVisualStudioVersion = 10.0.40219.1
Project("{FAE04EC0-301F-11D3-BF4B-00C04F79EFBC}") = "GetYouPet.Api", "GetYouPet.Api\GetYouPet.Api.csproj", "{6B24919C-43A2-48EA-8356-5718D8E8C800}"
EndProject
Global
	GlobalSection(SolutionConfigurationPlatforms) = preSolution
		Debug|Any CPU = Debug|Any CPU
		Release|Any CPU = Release|Any CPU
	EndGlobalSection
	GlobalSection(ProjectConfigurationPlatforms) = postSolution
		{6B24919C-43A2-48EA-8356-5718D8E8C800}.Debug|Any CPU.ActiveCfg = Debug|Any CPU
		{6B24919C-43A2-48EA-8356-5718D8E8C800}.Debug|Any CPU.Build.0 = Debug|Any CPU
		{6B24919C-43A2-48EA-8356-5718D8E8C800}.Release|Any CPU.ActiveCfg = Release|Any CPU
		{6B24919C-43A2-48EA-8356-5718D8E8C800}.Release|Any CPU.Build.0 = Release|Any CPU
	EndGlobalSection
	GlobalSection(SolutionProperties) = preSolution
		HideSolutionNode = FALSE
	EndGlobalSection
	GlobalSection(ExtensibilityGlobals) = postSolution
		SolutionGuid = {AB187846-801D-466C-BDB1-5D9BCB02D6C8}
	EndGlobalSection
EndGlobal
